// !$*UTF8*$!
{
	archiveVersion = 1;
	classes = {
	};
	objectVersion = 55;
	objects = {

/* Begin PBXBuildFile section */
		4926CB16280BE80000094BEB /* cities.json in Resources */ = {isa = PBXBuildFile; fileRef = 4926CB15280BE80000094BEB /* cities.json */; };
		49BB77D7280C22520047A925 /* CityMapPresenter.swift in Sources */ = {isa = PBXBuildFile; fileRef = 49BB77D2280C22520047A925 /* CityMapPresenter.swift */; };
		49BB77D8280C22520047A925 /* CityMapRouter.swift in Sources */ = {isa = PBXBuildFile; fileRef = 49BB77D3280C22520047A925 /* CityMapRouter.swift */; };
		49BB77D9280C22520047A925 /* CityMapModels.swift in Sources */ = {isa = PBXBuildFile; fileRef = 49BB77D4280C22520047A925 /* CityMapModels.swift */; };
		49BB77DA280C22520047A925 /* CityMapViewController.swift in Sources */ = {isa = PBXBuildFile; fileRef = 49BB77D5280C22520047A925 /* CityMapViewController.swift */; };
		49BB77DB280C22520047A925 /* CityMapInteractor.swift in Sources */ = {isa = PBXBuildFile; fileRef = 49BB77D6280C22520047A925 /* CityMapInteractor.swift */; };
		49BB77DD280C22640047A925 /* CityMap.storyboard in Resources */ = {isa = PBXBuildFile; fileRef = 49BB77DC280C22630047A925 /* CityMap.storyboard */; };
		49EBA99E280A9CEA0086C4C0 /* AppDelegate.swift in Sources */ = {isa = PBXBuildFile; fileRef = 49EBA99D280A9CEA0086C4C0 /* AppDelegate.swift */; };
		49EBA9A0280A9CEA0086C4C0 /* SceneDelegate.swift in Sources */ = {isa = PBXBuildFile; fileRef = 49EBA99F280A9CEA0086C4C0 /* SceneDelegate.swift */; };
		49EBA9A5280A9CEA0086C4C0 /* Main.storyboard in Resources */ = {isa = PBXBuildFile; fileRef = 49EBA9A3280A9CEA0086C4C0 /* Main.storyboard */; };
		49EBA9A7280A9CEC0086C4C0 /* Assets.xcassets in Resources */ = {isa = PBXBuildFile; fileRef = 49EBA9A6280A9CEC0086C4C0 /* Assets.xcassets */; };
		49EBA9AA280A9CEC0086C4C0 /* LaunchScreen.storyboard in Resources */ = {isa = PBXBuildFile; fileRef = 49EBA9A8280A9CEC0086C4C0 /* LaunchScreen.storyboard */; };
		49EBA9BF280A9CED0086C4C0 /* CitySearchUITests.swift in Sources */ = {isa = PBXBuildFile; fileRef = 49EBA9BE280A9CED0086C4C0 /* CitySearchUITests.swift */; };
		49EBA9C1280A9CED0086C4C0 /* CitySearchUITestsLaunchTests.swift in Sources */ = {isa = PBXBuildFile; fileRef = 49EBA9C0280A9CED0086C4C0 /* CitySearchUITestsLaunchTests.swift */; };
		49EBA9D3280A9F8B0086C4C0 /* SearchLandingPresenter.swift in Sources */ = {isa = PBXBuildFile; fileRef = 49EBA9CE280A9F8A0086C4C0 /* SearchLandingPresenter.swift */; };
		49EBA9D4280A9F8B0086C4C0 /* SearchLandingRouter.swift in Sources */ = {isa = PBXBuildFile; fileRef = 49EBA9CF280A9F8A0086C4C0 /* SearchLandingRouter.swift */; };
		49EBA9D5280A9F8B0086C4C0 /* SearchLandingModels.swift in Sources */ = {isa = PBXBuildFile; fileRef = 49EBA9D0280A9F8A0086C4C0 /* SearchLandingModels.swift */; };
		49EBA9D6280A9F8B0086C4C0 /* SearchLandingViewController.swift in Sources */ = {isa = PBXBuildFile; fileRef = 49EBA9D1280A9F8A0086C4C0 /* SearchLandingViewController.swift */; };
		49EBA9D7280A9F8B0086C4C0 /* SearchLandingInteractor.swift in Sources */ = {isa = PBXBuildFile; fileRef = 49EBA9D2280A9F8A0086C4C0 /* SearchLandingInteractor.swift */; };
		49EBA9DD280B24510086C4C0 /* CityTableViewCell.swift in Sources */ = {isa = PBXBuildFile; fileRef = 49EBA9DB280B24500086C4C0 /* CityTableViewCell.swift */; };
		49EBA9DE280B24510086C4C0 /* CityTableViewCell.xib in Resources */ = {isa = PBXBuildFile; fileRef = 49EBA9DC280B24500086C4C0 /* CityTableViewCell.xib */; };
		49EBA9E2280B2D990086C4C0 /* City.swift in Sources */ = {isa = PBXBuildFile; fileRef = 49EBA9E1280B2D990086C4C0 /* City.swift */; };
		49EBA9E4280B2DB60086C4C0 /* CityStore.swift in Sources */ = {isa = PBXBuildFile; fileRef = 49EBA9E3280B2DB60086C4C0 /* CityStore.swift */; };
		49EBA9E6280B2DC60086C4C0 /* CityWorker.swift in Sources */ = {isa = PBXBuildFile; fileRef = 49EBA9E5280B2DC60086C4C0 /* CityWorker.swift */; };
		49EBA9E9280B2FC10086C4C0 /* Error.swift in Sources */ = {isa = PBXBuildFile; fileRef = 49EBA9E8280B2FC10086C4C0 /* Error.swift */; };
/* End PBXBuildFile section */

/* Begin PBXContainerItemProxy section */
		49EBA9B1280A9CED0086C4C0 /* PBXContainerItemProxy */ = {
			isa = PBXContainerItemProxy;
			containerPortal = 49EBA992280A9CEA0086C4C0 /* Project object */;
			proxyType = 1;
			remoteGlobalIDString = 49EBA999280A9CEA0086C4C0;
			remoteInfo = CitySearch;
		};
		49EBA9BB280A9CED0086C4C0 /* PBXContainerItemProxy */ = {
			isa = PBXContainerItemProxy;
			containerPortal = 49EBA992280A9CEA0086C4C0 /* Project object */;
			proxyType = 1;
			remoteGlobalIDString = 49EBA999280A9CEA0086C4C0;
			remoteInfo = CitySearch;
		};
/* End PBXContainerItemProxy section */

/* Begin PBXFileReference section */
		4926CB15280BE80000094BEB /* cities.json */ = {isa = PBXFileReference; fileEncoding = 4; lastKnownFileType = text.json; path = cities.json; sourceTree = "<group>"; };
		49BB77D2280C22520047A925 /* CityMapPresenter.swift */ = {isa = PBXFileReference; lastKnownFileType = sourcecode.swift; path = CityMapPresenter.swift; sourceTree = "<group>"; };
		49BB77D3280C22520047A925 /* CityMapRouter.swift */ = {isa = PBXFileReference; lastKnownFileType = sourcecode.swift; path = CityMapRouter.swift; sourceTree = "<group>"; };
		49BB77D4280C22520047A925 /* CityMapModels.swift */ = {isa = PBXFileReference; lastKnownFileType = sourcecode.swift; path = CityMapModels.swift; sourceTree = "<group>"; };
		49BB77D5280C22520047A925 /* CityMapViewController.swift */ = {isa = PBXFileReference; lastKnownFileType = sourcecode.swift; path = CityMapViewController.swift; sourceTree = "<group>"; };
		49BB77D6280C22520047A925 /* CityMapInteractor.swift */ = {isa = PBXFileReference; lastKnownFileType = sourcecode.swift; path = CityMapInteractor.swift; sourceTree = "<group>"; };
		49BB77DC280C22630047A925 /* CityMap.storyboard */ = {isa = PBXFileReference; lastKnownFileType = file.storyboard; path = CityMap.storyboard; sourceTree = "<group>"; };
		49EBA99A280A9CEA0086C4C0 /* CitySearch.app */ = {isa = PBXFileReference; explicitFileType = wrapper.application; includeInIndex = 0; path = CitySearch.app; sourceTree = BUILT_PRODUCTS_DIR; };
		49EBA99D280A9CEA0086C4C0 /* AppDelegate.swift */ = {isa = PBXFileReference; lastKnownFileType = sourcecode.swift; path = AppDelegate.swift; sourceTree = "<group>"; };
		49EBA99F280A9CEA0086C4C0 /* SceneDelegate.swift */ = {isa = PBXFileReference; lastKnownFileType = sourcecode.swift; path = SceneDelegate.swift; sourceTree = "<group>"; };
		49EBA9A4280A9CEA0086C4C0 /* Base */ = {isa = PBXFileReference; lastKnownFileType = file.storyboard; name = Base; path = Base.lproj/Main.storyboard; sourceTree = "<group>"; };
		49EBA9A6280A9CEC0086C4C0 /* Assets.xcassets */ = {isa = PBXFileReference; lastKnownFileType = folder.assetcatalog; path = Assets.xcassets; sourceTree = "<group>"; };
		49EBA9A9280A9CEC0086C4C0 /* Base */ = {isa = PBXFileReference; lastKnownFileType = file.storyboard; name = Base; path = Base.lproj/LaunchScreen.storyboard; sourceTree = "<group>"; };
		49EBA9AB280A9CEC0086C4C0 /* Info.plist */ = {isa = PBXFileReference; lastKnownFileType = text.plist.xml; path = Info.plist; sourceTree = "<group>"; };
		49EBA9B0280A9CED0086C4C0 /* CitySearchTests.xctest */ = {isa = PBXFileReference; explicitFileType = wrapper.cfbundle; includeInIndex = 0; path = CitySearchTests.xctest; sourceTree = BUILT_PRODUCTS_DIR; };
		49EBA9BA280A9CED0086C4C0 /* CitySearchUITests.xctest */ = {isa = PBXFileReference; explicitFileType = wrapper.cfbundle; includeInIndex = 0; path = CitySearchUITests.xctest; sourceTree = BUILT_PRODUCTS_DIR; };
		49EBA9BE280A9CED0086C4C0 /* CitySearchUITests.swift */ = {isa = PBXFileReference; lastKnownFileType = sourcecode.swift; path = CitySearchUITests.swift; sourceTree = "<group>"; };
		49EBA9C0280A9CED0086C4C0 /* CitySearchUITestsLaunchTests.swift */ = {isa = PBXFileReference; lastKnownFileType = sourcecode.swift; path = CitySearchUITestsLaunchTests.swift; sourceTree = "<group>"; };
		49EBA9CE280A9F8A0086C4C0 /* SearchLandingPresenter.swift */ = {isa = PBXFileReference; lastKnownFileType = sourcecode.swift; path = SearchLandingPresenter.swift; sourceTree = "<group>"; };
		49EBA9CF280A9F8A0086C4C0 /* SearchLandingRouter.swift */ = {isa = PBXFileReference; lastKnownFileType = sourcecode.swift; path = SearchLandingRouter.swift; sourceTree = "<group>"; };
		49EBA9D0280A9F8A0086C4C0 /* SearchLandingModels.swift */ = {isa = PBXFileReference; lastKnownFileType = sourcecode.swift; path = SearchLandingModels.swift; sourceTree = "<group>"; };
		49EBA9D1280A9F8A0086C4C0 /* SearchLandingViewController.swift */ = {isa = PBXFileReference; lastKnownFileType = sourcecode.swift; path = SearchLandingViewController.swift; sourceTree = "<group>"; };
		49EBA9D2280A9F8A0086C4C0 /* SearchLandingInteractor.swift */ = {isa = PBXFileReference; lastKnownFileType = sourcecode.swift; path = SearchLandingInteractor.swift; sourceTree = "<group>"; };
		49EBA9DB280B24500086C4C0 /* CityTableViewCell.swift */ = {isa = PBXFileReference; lastKnownFileType = sourcecode.swift; path = CityTableViewCell.swift; sourceTree = "<group>"; };
		49EBA9DC280B24500086C4C0 /* CityTableViewCell.xib */ = {isa = PBXFileReference; lastKnownFileType = file.xib; path = CityTableViewCell.xib; sourceTree = "<group>"; };
		49EBA9E1280B2D990086C4C0 /* City.swift */ = {isa = PBXFileReference; lastKnownFileType = sourcecode.swift; path = City.swift; sourceTree = "<group>"; };
		49EBA9E3280B2DB60086C4C0 /* CityStore.swift */ = {isa = PBXFileReference; lastKnownFileType = sourcecode.swift; path = CityStore.swift; sourceTree = "<group>"; };
		49EBA9E5280B2DC60086C4C0 /* CityWorker.swift */ = {isa = PBXFileReference; lastKnownFileType = sourcecode.swift; path = CityWorker.swift; sourceTree = "<group>"; };
		49EBA9E8280B2FC10086C4C0 /* Error.swift */ = {isa = PBXFileReference; lastKnownFileType = sourcecode.swift; path = Error.swift; sourceTree = "<group>"; };
/* End PBXFileReference section */

/* Begin PBXFrameworksBuildPhase section */
		49EBA997280A9CEA0086C4C0 /* Frameworks */ = {
			isa = PBXFrameworksBuildPhase;
			buildActionMask = 2147483647;
			files = (
			);
			runOnlyForDeploymentPostprocessing = 0;
		};
		49EBA9AD280A9CED0086C4C0 /* Frameworks */ = {
			isa = PBXFrameworksBuildPhase;
			buildActionMask = 2147483647;
			files = (
			);
			runOnlyForDeploymentPostprocessing = 0;
		};
		49EBA9B7280A9CED0086C4C0 /* Frameworks */ = {
			isa = PBXFrameworksBuildPhase;
			buildActionMask = 2147483647;
			files = (
			);
			runOnlyForDeploymentPostprocessing = 0;
		};
/* End PBXFrameworksBuildPhase section */

/* Begin PBXGroup section */
		4926CB14280BE67700094BEB /* Resource */ = {
			isa = PBXGroup;
			children = (
				4926CB15280BE80000094BEB /* cities.json */,
			);
			path = Resource;
			sourceTree = "<group>";
		};
		49BB77D1280C221F0047A925 /* CityMap */ = {
			isa = PBXGroup;
			children = (
				49BB77D3280C22520047A925 /* CityMapRouter.swift */,
				49BB77D4280C22520047A925 /* CityMapModels.swift */,
				49BB77D2280C22520047A925 /* CityMapPresenter.swift */,
				49BB77D6280C22520047A925 /* CityMapInteractor.swift */,
				49BB77D5280C22520047A925 /* CityMapViewController.swift */,
				49BB77DC280C22630047A925 /* CityMap.storyboard */,
			);
			path = CityMap;
			sourceTree = "<group>";
		};
		49EBA991280A9CEA0086C4C0 = {
			isa = PBXGroup;
			children = (
				49EBA99C280A9CEA0086C4C0 /* CitySearch */,
				49EBA9B3280A9CED0086C4C0 /* CitySearchTests */,
				49EBA9BD280A9CED0086C4C0 /* CitySearchUITests */,
				49EBA99B280A9CEA0086C4C0 /* Products */,
			);
			sourceTree = "<group>";
		};
		49EBA99B280A9CEA0086C4C0 /* Products */ = {
			isa = PBXGroup;
			children = (
				49EBA99A280A9CEA0086C4C0 /* CitySearch.app */,
				49EBA9B0280A9CED0086C4C0 /* CitySearchTests.xctest */,
				49EBA9BA280A9CED0086C4C0 /* CitySearchUITests.xctest */,
			);
			name = Products;
			sourceTree = "<group>";
		};
		49EBA99C280A9CEA0086C4C0 /* CitySearch */ = {
			isa = PBXGroup;
			children = (
				4926CB14280BE67700094BEB /* Resource */,
				49EBA9E0280B2D880086C4C0 /* Models */,
				49EBA9DF280B2D740086C4C0 /* WorkerAndStore */,
				49EBA9D8280B22F30086C4C0 /* Views */,
				49EBA9D9280B23040086C4C0 /* Scenes */,
				49EBA9E7280B2FAE0086C4C0 /* Helper */,
				49EBA99D280A9CEA0086C4C0 /* AppDelegate.swift */,
				49EBA99F280A9CEA0086C4C0 /* SceneDelegate.swift */,
				49EBA9A6280A9CEC0086C4C0 /* Assets.xcassets */,
				49EBA9A8280A9CEC0086C4C0 /* LaunchScreen.storyboard */,
				49EBA9AB280A9CEC0086C4C0 /* Info.plist */,
			);
			path = CitySearch;
			sourceTree = "<group>";
		};
		49EBA9B3280A9CED0086C4C0 /* CitySearchTests */ = {
			isa = PBXGroup;
			children = (
			);
			path = CitySearchTests;
			sourceTree = "<group>";
		};
		49EBA9BD280A9CED0086C4C0 /* CitySearchUITests */ = {
			isa = PBXGroup;
			children = (
				49EBA9BE280A9CED0086C4C0 /* CitySearchUITests.swift */,
				49EBA9C0280A9CED0086C4C0 /* CitySearchUITestsLaunchTests.swift */,
			);
			path = CitySearchUITests;
			sourceTree = "<group>";
		};
		49EBA9CD280A9E5C0086C4C0 /* SearchLanding */ = {
			isa = PBXGroup;
			children = (
				49EBA9CF280A9F8A0086C4C0 /* SearchLandingRouter.swift */,
				49EBA9D0280A9F8A0086C4C0 /* SearchLandingModels.swift */,
				49EBA9CE280A9F8A0086C4C0 /* SearchLandingPresenter.swift */,
				49EBA9D2280A9F8A0086C4C0 /* SearchLandingInteractor.swift */,
				49EBA9D1280A9F8A0086C4C0 /* SearchLandingViewController.swift */,
				49EBA9A3280A9CEA0086C4C0 /* Main.storyboard */,
			);
			path = SearchLanding;
			sourceTree = "<group>";
		};
		49EBA9D8280B22F30086C4C0 /* Views */ = {
			isa = PBXGroup;
			children = (
				49EBA9DA280B23E90086C4C0 /* CityCell */,
			);
			path = Views;
			sourceTree = "<group>";
		};
		49EBA9D9280B23040086C4C0 /* Scenes */ = {
			isa = PBXGroup;
			children = (
				49BB77D1280C221F0047A925 /* CityMap */,
				49EBA9CD280A9E5C0086C4C0 /* SearchLanding */,
			);
			path = Scenes;
			sourceTree = "<group>";
		};
		49EBA9DA280B23E90086C4C0 /* CityCell */ = {
			isa = PBXGroup;
			children = (
				49EBA9DB280B24500086C4C0 /* CityTableViewCell.swift */,
				49EBA9DC280B24500086C4C0 /* CityTableViewCell.xib */,
			);
			path = CityCell;
			sourceTree = "<group>";
		};
		49EBA9DF280B2D740086C4C0 /* WorkerAndStore */ = {
			isa = PBXGroup;
			children = (
				49EBA9E5280B2DC60086C4C0 /* CityWorker.swift */,
				49EBA9E3280B2DB60086C4C0 /* CityStore.swift */,
			);
			path = WorkerAndStore;
			sourceTree = "<group>";
		};
		49EBA9E0280B2D880086C4C0 /* Models */ = {
			isa = PBXGroup;
			children = (
				49EBA9E1280B2D990086C4C0 /* City.swift */,
			);
			path = Models;
			sourceTree = "<group>";
		};
		49EBA9E7280B2FAE0086C4C0 /* Helper */ = {
			isa = PBXGroup;
			children = (
				49EBA9E8280B2FC10086C4C0 /* Error.swift */,
			);
			path = Helper;
			sourceTree = "<group>";
		};
/* End PBXGroup section */

/* Begin PBXNativeTarget section */
		49EBA999280A9CEA0086C4C0 /* CitySearch */ = {
			isa = PBXNativeTarget;
			buildConfigurationList = 49EBA9C4280A9CED0086C4C0 /* Build configuration list for PBXNativeTarget "CitySearch" */;
			buildPhases = (
				49EBA996280A9CEA0086C4C0 /* Sources */,
				49EBA997280A9CEA0086C4C0 /* Frameworks */,
				49EBA998280A9CEA0086C4C0 /* Resources */,
			);
			buildRules = (
			);
			dependencies = (
			);
			name = CitySearch;
			productName = CitySearch;
			productReference = 49EBA99A280A9CEA0086C4C0 /* CitySearch.app */;
			productType = "com.apple.product-type.application";
		};
		49EBA9AF280A9CED0086C4C0 /* CitySearchTests */ = {
			isa = PBXNativeTarget;
			buildConfigurationList = 49EBA9C7280A9CED0086C4C0 /* Build configuration list for PBXNativeTarget "CitySearchTests" */;
			buildPhases = (
				49EBA9AC280A9CED0086C4C0 /* Sources */,
				49EBA9AD280A9CED0086C4C0 /* Frameworks */,
				49EBA9AE280A9CED0086C4C0 /* Resources */,
			);
			buildRules = (
			);
			dependencies = (
				49EBA9B2280A9CED0086C4C0 /* PBXTargetDependency */,
			);
			name = CitySearchTests;
			productName = CitySearchTests;
			productReference = 49EBA9B0280A9CED0086C4C0 /* CitySearchTests.xctest */;
			productType = "com.apple.product-type.bundle.unit-test";
		};
		49EBA9B9280A9CED0086C4C0 /* CitySearchUITests */ = {
			isa = PBXNativeTarget;
			buildConfigurationList = 49EBA9CA280A9CED0086C4C0 /* Build configuration list for PBXNativeTarget "CitySearchUITests" */;
			buildPhases = (
				49EBA9B6280A9CED0086C4C0 /* Sources */,
				49EBA9B7280A9CED0086C4C0 /* Frameworks */,
				49EBA9B8280A9CED0086C4C0 /* Resources */,
			);
			buildRules = (
			);
			dependencies = (
				49EBA9BC280A9CED0086C4C0 /* PBXTargetDependency */,
			);
			name = CitySearchUITests;
			productName = CitySearchUITests;
			productReference = 49EBA9BA280A9CED0086C4C0 /* CitySearchUITests.xctest */;
			productType = "com.apple.product-type.bundle.ui-testing";
		};
/* End PBXNativeTarget section */

/* Begin PBXProject section */
		49EBA992280A9CEA0086C4C0 /* Project object */ = {
			isa = PBXProject;
			attributes = {
				BuildIndependentTargetsInParallel = 1;
				LastSwiftUpdateCheck = 1300;
				LastUpgradeCheck = 1300;
				TargetAttributes = {
					49EBA999280A9CEA0086C4C0 = {
						CreatedOnToolsVersion = 13.0;
					};
					49EBA9AF280A9CED0086C4C0 = {
						CreatedOnToolsVersion = 13.0;
						TestTargetID = 49EBA999280A9CEA0086C4C0;
					};
					49EBA9B9280A9CED0086C4C0 = {
						CreatedOnToolsVersion = 13.0;
						TestTargetID = 49EBA999280A9CEA0086C4C0;
					};
				};
			};
			buildConfigurationList = 49EBA995280A9CEA0086C4C0 /* Build configuration list for PBXProject "CitySearch" */;
			compatibilityVersion = "Xcode 13.0";
			developmentRegion = en;
			hasScannedForEncodings = 0;
			knownRegions = (
				en,
				Base,
			);
			mainGroup = 49EBA991280A9CEA0086C4C0;
			productRefGroup = 49EBA99B280A9CEA0086C4C0 /* Products */;
			projectDirPath = "";
			projectRoot = "";
			targets = (
				49EBA999280A9CEA0086C4C0 /* CitySearch */,
				49EBA9AF280A9CED0086C4C0 /* CitySearchTests */,
				49EBA9B9280A9CED0086C4C0 /* CitySearchUITests */,
			);
		};
/* End PBXProject section */

/* Begin PBXResourcesBuildPhase section */
		49EBA998280A9CEA0086C4C0 /* Resources */ = {
			isa = PBXResourcesBuildPhase;
			buildActionMask = 2147483647;
			files = (
				49EBA9AA280A9CEC0086C4C0 /* LaunchScreen.storyboard in Resources */,
				4926CB16280BE80000094BEB /* cities.json in Resources */,
				49BB77DD280C22640047A925 /* CityMap.storyboard in Resources */,
				49EBA9A7280A9CEC0086C4C0 /* Assets.xcassets in Resources */,
				49EBA9DE280B24510086C4C0 /* CityTableViewCell.xib in Resources */,
				49EBA9A5280A9CEA0086C4C0 /* Main.storyboard in Resources */,
			);
			runOnlyForDeploymentPostprocessing = 0;
		};
		49EBA9AE280A9CED0086C4C0 /* Resources */ = {
			isa = PBXResourcesBuildPhase;
			buildActionMask = 2147483647;
			files = (
			);
			runOnlyForDeploymentPostprocessing = 0;
		};
		49EBA9B8280A9CED0086C4C0 /* Resources */ = {
			isa = PBXResourcesBuildPhase;
			buildActionMask = 2147483647;
			files = (
			);
			runOnlyForDeploymentPostprocessing = 0;
		};
/* End PBXResourcesBuildPhase section */

/* Begin PBXSourcesBuildPhase section */
		49EBA996280A9CEA0086C4C0 /* Sources */ = {
			isa = PBXSourcesBuildPhase;
			buildActionMask = 2147483647;
			files = (
				49EBA9D5280A9F8B0086C4C0 /* SearchLandingModels.swift in Sources */,
				49BB77DB280C22520047A925 /* CityMapInteractor.swift in Sources */,
				49EBA9E6280B2DC60086C4C0 /* CityWorker.swift in Sources */,
				49EBA9D6280A9F8B0086C4C0 /* SearchLandingViewController.swift in Sources */,
				49BB77D7280C22520047A925 /* CityMapPresenter.swift in Sources */,
				49EBA99E280A9CEA0086C4C0 /* AppDelegate.swift in Sources */,
				49BB77D8280C22520047A925 /* CityMapRouter.swift in Sources */,
				49EBA9E9280B2FC10086C4C0 /* Error.swift in Sources */,
				49EBA9D4280A9F8B0086C4C0 /* SearchLandingRouter.swift in Sources */,
				49EBA9D3280A9F8B0086C4C0 /* SearchLandingPresenter.swift in Sources */,
				49EBA9D7280A9F8B0086C4C0 /* SearchLandingInteractor.swift in Sources */,
				49EBA9DD280B24510086C4C0 /* CityTableViewCell.swift in Sources */,
				49BB77DA280C22520047A925 /* CityMapViewController.swift in Sources */,
				49EBA9E2280B2D990086C4C0 /* City.swift in Sources */,
				49EBA9E4280B2DB60086C4C0 /* CityStore.swift in Sources */,
				49BB77D9280C22520047A925 /* CityMapModels.swift in Sources */,
				49EBA9A0280A9CEA0086C4C0 /* SceneDelegate.swift in Sources */,
			);
			runOnlyForDeploymentPostprocessing = 0;
		};
		49EBA9AC280A9CED0086C4C0 /* Sources */ = {
			isa = PBXSourcesBuildPhase;
			buildActionMask = 2147483647;
			files = (
			);
			runOnlyForDeploymentPostprocessing = 0;
		};
		49EBA9B6280A9CED0086C4C0 /* Sources */ = {
			isa = PBXSourcesBuildPhase;
			buildActionMask = 2147483647;
			files = (
				49EBA9BF280A9CED0086C4C0 /* CitySearchUITests.swift in Sources */,
				49EBA9C1280A9CED0086C4C0 /* CitySearchUITestsLaunchTests.swift in Sources */,
			);
			runOnlyForDeploymentPostprocessing = 0;
		};
/* End PBXSourcesBuildPhase section */

/* Begin PBXTargetDependency section */
		49EBA9B2280A9CED0086C4C0 /* PBXTargetDependency */ = {
			isa = PBXTargetDependency;
			target = 49EBA999280A9CEA0086C4C0 /* CitySearch */;
			targetProxy = 49EBA9B1280A9CED0086C4C0 /* PBXContainerItemProxy */;
		};
		49EBA9BC280A9CED0086C4C0 /* PBXTargetDependency */ = {
			isa = PBXTargetDependency;
			target = 49EBA999280A9CEA0086C4C0 /* CitySearch */;
			targetProxy = 49EBA9BB280A9CED0086C4C0 /* PBXContainerItemProxy */;
		};
/* End PBXTargetDependency section */

/* Begin PBXVariantGroup section */
		49EBA9A3280A9CEA0086C4C0 /* Main.storyboard */ = {
			isa = PBXVariantGroup;
			children = (
				49EBA9A4280A9CEA0086C4C0 /* Base */,
			);
			name = Main.storyboard;
			sourceTree = "<group>";
		};
		49EBA9A8280A9CEC0086C4C0 /* LaunchScreen.storyboard */ = {
			isa = PBXVariantGroup;
			children = (
				49EBA9A9280A9CEC0086C4C0 /* Base */,
			);
			name = LaunchScreen.storyboard;
			sourceTree = "<group>";
		};
/* End PBXVariantGroup section */

/* Begin XCBuildConfiguration section */
		49EBA9C2280A9CED0086C4C0 /* Debug */ = {
			isa = XCBuildConfiguration;
			buildSettings = {
				ALWAYS_SEARCH_USER_PATHS = NO;
				CLANG_ANALYZER_NONNULL = YES;
				CLANG_ANALYZER_NUMBER_OBJECT_CONVERSION = YES_AGGRESSIVE;
				CLANG_CXX_LANGUAGE_STANDARD = "gnu++17";
				CLANG_CXX_LIBRARY = "libc++";
				CLANG_ENABLE_MODULES = YES;
				CLANG_ENABLE_OBJC_ARC = YES;
				CLANG_ENABLE_OBJC_WEAK = YES;
				CLANG_WARN_BLOCK_CAPTURE_AUTORELEASING = YES;
				CLANG_WARN_BOOL_CONVERSION = YES;
				CLANG_WARN_COMMA = YES;
				CLANG_WARN_CONSTANT_CONVERSION = YES;
				CLANG_WARN_DEPRECATED_OBJC_IMPLEMENTATIONS = YES;
				CLANG_WARN_DIRECT_OBJC_ISA_USAGE = YES_ERROR;
				CLANG_WARN_DOCUMENTATION_COMMENTS = YES;
				CLANG_WARN_EMPTY_BODY = YES;
				CLANG_WARN_ENUM_CONVERSION = YES;
				CLANG_WARN_INFINITE_RECURSION = YES;
				CLANG_WARN_INT_CONVERSION = YES;
				CLANG_WARN_NON_LITERAL_NULL_CONVERSION = YES;
				CLANG_WARN_OBJC_IMPLICIT_RETAIN_SELF = YES;
				CLANG_WARN_OBJC_LITERAL_CONVERSION = YES;
				CLANG_WARN_OBJC_ROOT_CLASS = YES_ERROR;
				CLANG_WARN_QUOTED_INCLUDE_IN_FRAMEWORK_HEADER = YES;
				CLANG_WARN_RANGE_LOOP_ANALYSIS = YES;
				CLANG_WARN_STRICT_PROTOTYPES = YES;
				CLANG_WARN_SUSPICIOUS_MOVE = YES;
				CLANG_WARN_UNGUARDED_AVAILABILITY = YES_AGGRESSIVE;
				CLANG_WARN_UNREACHABLE_CODE = YES;
				CLANG_WARN__DUPLICATE_METHOD_MATCH = YES;
				COPY_PHASE_STRIP = NO;
				DEBUG_INFORMATION_FORMAT = dwarf;
				ENABLE_STRICT_OBJC_MSGSEND = YES;
				ENABLE_TESTABILITY = YES;
				GCC_C_LANGUAGE_STANDARD = gnu11;
				GCC_DYNAMIC_NO_PIC = NO;
				GCC_NO_COMMON_BLOCKS = YES;
				GCC_OPTIMIZATION_LEVEL = 0;
				GCC_PREPROCESSOR_DEFINITIONS = (
					"DEBUG=1",
					"$(inherited)",
				);
				GCC_WARN_64_TO_32_BIT_CONVERSION = YES;
				GCC_WARN_ABOUT_RETURN_TYPE = YES_ERROR;
				GCC_WARN_UNDECLARED_SELECTOR = YES;
				GCC_WARN_UNINITIALIZED_AUTOS = YES_AGGRESSIVE;
				GCC_WARN_UNUSED_FUNCTION = YES;
				GCC_WARN_UNUSED_VARIABLE = YES;
				IPHONEOS_DEPLOYMENT_TARGET = 14.0;
				MTL_ENABLE_DEBUG_INFO = INCLUDE_SOURCE;
				MTL_FAST_MATH = YES;
				ONLY_ACTIVE_ARCH = YES;
				SDKROOT = iphoneos;
				SWIFT_ACTIVE_COMPILATION_CONDITIONS = DEBUG;
				SWIFT_OPTIMIZATION_LEVEL = "-Onone";
			};
			name = Debug;
		};
		49EBA9C3280A9CED0086C4C0 /* Release */ = {
			isa = XCBuildConfiguration;
			buildSettings = {
				ALWAYS_SEARCH_USER_PATHS = NO;
				CLANG_ANALYZER_NONNULL = YES;
				CLANG_ANALYZER_NUMBER_OBJECT_CONVERSION = YES_AGGRESSIVE;
				CLANG_CXX_LANGUAGE_STANDARD = "gnu++17";
				CLANG_CXX_LIBRARY = "libc++";
				CLANG_ENABLE_MODULES = YES;
				CLANG_ENABLE_OBJC_ARC = YES;
				CLANG_ENABLE_OBJC_WEAK = YES;
				CLANG_WARN_BLOCK_CAPTURE_AUTORELEASING = YES;
				CLANG_WARN_BOOL_CONVERSION = YES;
				CLANG_WARN_COMMA = YES;
				CLANG_WARN_CONSTANT_CONVERSION = YES;
				CLANG_WARN_DEPRECATED_OBJC_IMPLEMENTATIONS = YES;
				CLANG_WARN_DIRECT_OBJC_ISA_USAGE = YES_ERROR;
				CLANG_WARN_DOCUMENTATION_COMMENTS = YES;
				CLANG_WARN_EMPTY_BODY = YES;
				CLANG_WARN_ENUM_CONVERSION = YES;
				CLANG_WARN_INFINITE_RECURSION = YES;
				CLANG_WARN_INT_CONVERSION = YES;
				CLANG_WARN_NON_LITERAL_NULL_CONVERSION = YES;
				CLANG_WARN_OBJC_IMPLICIT_RETAIN_SELF = YES;
				CLANG_WARN_OBJC_LITERAL_CONVERSION = YES;
				CLANG_WARN_OBJC_ROOT_CLASS = YES_ERROR;
				CLANG_WARN_QUOTED_INCLUDE_IN_FRAMEWORK_HEADER = YES;
				CLANG_WARN_RANGE_LOOP_ANALYSIS = YES;
				CLANG_WARN_STRICT_PROTOTYPES = YES;
				CLANG_WARN_SUSPICIOUS_MOVE = YES;
				CLANG_WARN_UNGUARDED_AVAILABILITY = YES_AGGRESSIVE;
				CLANG_WARN_UNREACHABLE_CODE = YES;
				CLANG_WARN__DUPLICATE_METHOD_MATCH = YES;
				COPY_PHASE_STRIP = NO;
				DEBUG_INFORMATION_FORMAT = "dwarf-with-dsym";
				ENABLE_NS_ASSERTIONS = NO;
				ENABLE_STRICT_OBJC_MSGSEND = YES;
				GCC_C_LANGUAGE_STANDARD = gnu11;
				GCC_NO_COMMON_BLOCKS = YES;
				GCC_WARN_64_TO_32_BIT_CONVERSION = YES;
				GCC_WARN_ABOUT_RETURN_TYPE = YES_ERROR;
				GCC_WARN_UNDECLARED_SELECTOR = YES;
				GCC_WARN_UNINITIALIZED_AUTOS = YES_AGGRESSIVE;
				GCC_WARN_UNUSED_FUNCTION = YES;
				GCC_WARN_UNUSED_VARIABLE = YES;
				IPHONEOS_DEPLOYMENT_TARGET = 14.0;
				MTL_ENABLE_DEBUG_INFO = NO;
				MTL_FAST_MATH = YES;
				SDKROOT = iphoneos;
				SWIFT_COMPILATION_MODE = wholemodule;
				SWIFT_OPTIMIZATION_LEVEL = "-O";
				VALIDATE_PRODUCT = YES;
			};
			name = Release;
		};
		49EBA9C5280A9CED0086C4C0 /* Debug */ = {
			isa = XCBuildConfiguration;
			buildSettings = {
				ASSETCATALOG_COMPILER_APPICON_NAME = AppIcon;
				ASSETCATALOG_COMPILER_GLOBAL_ACCENT_COLOR_NAME = AccentColor;
				CODE_SIGN_STYLE = Automatic;
				CURRENT_PROJECT_VERSION = 1;
				DEVELOPMENT_TEAM = VW2Y242HH5;
				GENERATE_INFOPLIST_FILE = YES;
				INFOPLIST_FILE = CitySearch/Info.plist;
				INFOPLIST_KEY_UIApplicationSupportsIndirectInputEvents = YES;
				INFOPLIST_KEY_UILaunchStoryboardName = LaunchScreen;
				INFOPLIST_KEY_UIMainStoryboardFile = Main;
				INFOPLIST_KEY_UIStatusBarHidden = NO;
				INFOPLIST_KEY_UISupportedInterfaceOrientations = "UIInterfaceOrientationLandscapeRight UIInterfaceOrientationPortrait UIInterfaceOrientationLandscapeLeft";
				INFOPLIST_KEY_UISupportedInterfaceOrientations_iPad = "UIInterfaceOrientationPortrait UIInterfaceOrientationPortraitUpsideDown UIInterfaceOrientationLandscapeLeft UIInterfaceOrientationLandscapeRight";
				INFOPLIST_KEY_UISupportedInterfaceOrientations_iPhone = "UIInterfaceOrientationPortrait UIInterfaceOrientationLandscapeLeft UIInterfaceOrientationLandscapeRight";
				IPHONEOS_DEPLOYMENT_TARGET = 14.0;
				LD_RUNPATH_SEARCH_PATHS = (
					"$(inherited)",
					"@executable_path/Frameworks",
				);
				MARKETING_VERSION = 1.0;
				PRODUCT_BUNDLE_IDENTIFIER = nutsima.CitySearch;
				PRODUCT_NAME = "$(TARGET_NAME)";
				SWIFT_EMIT_LOC_STRINGS = YES;
				SWIFT_VERSION = 5.0;
				TARGETED_DEVICE_FAMILY = 1;
			};
			name = Debug;
		};
		49EBA9C6280A9CED0086C4C0 /* Release */ = {
			isa = XCBuildConfiguration;
			buildSettings = {
				ASSETCATALOG_COMPILER_APPICON_NAME = AppIcon;
				ASSETCATALOG_COMPILER_GLOBAL_ACCENT_COLOR_NAME = AccentColor;
				CODE_SIGN_STYLE = Automatic;
				CURRENT_PROJECT_VERSION = 1;
				DEVELOPMENT_TEAM = VW2Y242HH5;
				GENERATE_INFOPLIST_FILE = YES;
				INFOPLIST_FILE = CitySearch/Info.plist;
				INFOPLIST_KEY_UIApplicationSupportsIndirectInputEvents = YES;
				INFOPLIST_KEY_UILaunchStoryboardName = LaunchScreen;
				INFOPLIST_KEY_UIMainStoryboardFile = Main;
				INFOPLIST_KEY_UIStatusBarHidden = NO;
				INFOPLIST_KEY_UISupportedInterfaceOrientations = "UIInterfaceOrientationLandscapeRight UIInterfaceOrientationPortrait UIInterfaceOrientationLandscapeLeft";
				INFOPLIST_KEY_UISupportedInterfaceOrientations_iPad = "UIInterfaceOrientationPortrait UIInterfaceOrientationPortraitUpsideDown UIInterfaceOrientationLandscapeLeft UIInterfaceOrientationLandscapeRight";
				INFOPLIST_KEY_UISupportedInterfaceOrientations_iPhone = "UIInterfaceOrientationPortrait UIInterfaceOrientationLandscapeLeft UIInterfaceOrientationLandscapeRight";
				IPHONEOS_DEPLOYMENT_TARGET = 14.0;
				LD_RUNPATH_SEARCH_PATHS = (
					"$(inherited)",
					"@executable_path/Frameworks",
				);
				MARKETING_VERSION = 1.0;
				PRODUCT_BUNDLE_IDENTIFIER = nutsima.CitySearch;
				PRODUCT_NAME = "$(TARGET_NAME)";
				SWIFT_EMIT_LOC_STRINGS = YES;
				SWIFT_VERSION = 5.0;
				TARGETED_DEVICE_FAMILY = 1;
			};
			name = Release;
		};
		49EBA9C8280A9CED0086C4C0 /* Debug */ = {
			isa = XCBuildConfiguration;
			buildSettings = {
				ALWAYS_EMBED_SWIFT_STANDARD_LIBRARIES = YES;
				BUNDLE_LOADER = "$(TEST_HOST)";
				CODE_SIGN_STYLE = Automatic;
				CURRENT_PROJECT_VERSION = 1;
				DEVELOPMENT_TEAM = VW2Y242HH5;
				GENERATE_INFOPLIST_FILE = YES;
				IPHONEOS_DEPLOYMENT_TARGET = 14.0;
				LD_RUNPATH_SEARCH_PATHS = (
					"$(inherited)",
					"@executable_path/Frameworks",
					"@loader_path/Frameworks",
				);
				MARKETING_VERSION = 1.0;
				PRODUCT_BUNDLE_IDENTIFIER = nutsima.CitySearchTests;
				PRODUCT_NAME = "$(TARGET_NAME)";
				SWIFT_EMIT_LOC_STRINGS = NO;
				SWIFT_VERSION = 5.0;
				TARGETED_DEVICE_FAMILY = "1,2";
				TEST_HOST = "$(BUILT_PRODUCTS_DIR)/CitySearch.app/CitySearch";
			};
			name = Debug;
		};
		49EBA9C9280A9CED0086C4C0 /* Release */ = {
			isa = XCBuildConfiguration;
			buildSettings = {
				ALWAYS_EMBED_SWIFT_STANDARD_LIBRARIES = YES;
				BUNDLE_LOADER = "$(TEST_HOST)";
				CODE_SIGN_STYLE = Automatic;
				CURRENT_PROJECT_VERSION = 1;
				DEVELOPMENT_TEAM = VW2Y242HH5;
				GENERATE_INFOPLIST_FILE = YES;
				IPHONEOS_DEPLOYMENT_TARGET = 14.0;
				LD_RUNPATH_SEARCH_PATHS = (
					"$(inherited)",
					"@executable_path/Frameworks",
					"@loader_path/Frameworks",
				);
				MARKETING_VERSION = 1.0;
				PRODUCT_BUNDLE_IDENTIFIER = nutsima.CitySearchTests;
				PRODUCT_NAME = "$(TARGET_NAME)";
				SWIFT_EMIT_LOC_STRINGS = NO;
				SWIFT_VERSION = 5.0;
				TARGETED_DEVICE_FAMILY = "1,2";
				TEST_HOST = "$(BUILT_PRODUCTS_DIR)/CitySearch.app/CitySearch";
			};
			name = Release;
		};
		49EBA9CB280A9CED0086C4C0 /* Debug */ = {
			isa = XCBuildConfiguration;
			buildSettings = {
				ALWAYS_EMBED_SWIFT_STANDARD_LIBRARIES = YES;
				CODE_SIGN_STYLE = Automatic;
				CURRENT_PROJECT_VERSION = 1;
				DEVELOPMENT_TEAM = VW2Y242HH5;
				GENERATE_INFOPLIST_FILE = YES;
				LD_RUNPATH_SEARCH_PATHS = (
					"$(inherited)",
					"@executable_path/Frameworks",
					"@loader_path/Frameworks",
				);
				MARKETING_VERSION = 1.0;
				PRODUCT_BUNDLE_IDENTIFIER = nutsima.CitySearchUITests;
				PRODUCT_NAME = "$(TARGET_NAME)";
				SWIFT_EMIT_LOC_STRINGS = NO;
				SWIFT_VERSION = 5.0;
				TARGETED_DEVICE_FAMILY = "1,2";
				TEST_TARGET_NAME = CitySearch;
			};
			name = Debug;
		};
		49EBA9CC280A9CED0086C4C0 /* Release */ = {
			isa = XCBuildConfiguration;
			buildSettings = {
				ALWAYS_EMBED_SWIFT_STANDARD_LIBRARIES = YES;
				CODE_SIGN_STYLE = Automatic;
				CURRENT_PROJECT_VERSION = 1;
				DEVELOPMENT_TEAM = VW2Y242HH5;
				GENERATE_INFOPLIST_FILE = YES;
				LD_RUNPATH_SEARCH_PATHS = (
					"$(inherited)",
					"@executable_path/Frameworks",
					"@loader_path/Frameworks",
				);
				MARKETING_VERSION = 1.0;
				PRODUCT_BUNDLE_IDENTIFIER = nutsima.CitySearchUITests;
				PRODUCT_NAME = "$(TARGET_NAME)";
				SWIFT_EMIT_LOC_STRINGS = NO;
				SWIFT_VERSION = 5.0;
				TARGETED_DEVICE_FAMILY = "1,2";
				TEST_TARGET_NAME = CitySearch;
			};
			name = Release;
		};
/* End XCBuildConfiguration section */

/* Begin XCConfigurationList section */
		49EBA995280A9CEA0086C4C0 /* Build configuration list for PBXProject "CitySearch" */ = {
			isa = XCConfigurationList;
			buildConfigurations = (
				49EBA9C2280A9CED0086C4C0 /* Debug */,
				49EBA9C3280A9CED0086C4C0 /* Release */,
			);
			defaultConfigurationIsVisible = 0;
			defaultConfigurationName = Release;
		};
		49EBA9C4280A9CED0086C4C0 /* Build configuration list for PBXNativeTarget "CitySearch" */ = {
			isa = XCConfigurationList;
			buildConfigurations = (
				49EBA9C5280A9CED0086C4C0 /* Debug */,
				49EBA9C6280A9CED0086C4C0 /* Release */,
			);
			defaultConfigurationIsVisible = 0;
			defaultConfigurationName = Release;
		};
		49EBA9C7280A9CED0086C4C0 /* Build configuration list for PBXNativeTarget "CitySearchTests" */ = {
			isa = XCConfigurationList;
			buildConfigurations = (
				49EBA9C8280A9CED0086C4C0 /* Debug */,
				49EBA9C9280A9CED0086C4C0 /* Release */,
			);
			defaultConfigurationIsVisible = 0;
			defaultConfigurationName = Release;
		};
		49EBA9CA280A9CED0086C4C0 /* Build configuration list for PBXNativeTarget "CitySearchUITests" */ = {
			isa = XCConfigurationList;
			buildConfigurations = (
				49EBA9CB280A9CED0086C4C0 /* Debug */,
				49EBA9CC280A9CED0086C4C0 /* Release */,
			);
			defaultConfigurationIsVisible = 0;
			defaultConfigurationName = Release;
		};
/* End XCConfigurationList section */
	};
	rootObject = 49EBA992280A9CEA0086C4C0 /* Project object */;
}
